
Microsoft Visual Studio Solution File, Format Version 12.00
# Visual Studio Version 16
VisualStudioVersion = 16.0.34031.81
MinimumVisualStudioVersion = 10.0.40219.1
Project("{8BC9CEB8-8B4A-11D0-8D11-00A0C91BC942}") = "ClientServer", "ClientServer\ClientServer.vcxproj", "{7B192383-CC5F-4A37-A633-22C1170794CB}"
EndProject
Global
	GlobalSection(SolutionConfigurationPlatforms) = preSolution
		Debug|x64 = Debug|x64
		Release|x64 = Release|x64
	EndGlobalSection
	GlobalSection(ProjectConfigurationPlatforms) = postSolution
		{7B192383-CC5F-4A37-A633-22C1170794CB}.Debug|x64.ActiveCfg = Debug|x64
		{7B192383-CC5F-4A37-A633-22C1170794CB}.Debug|x64.Build.0 = Debug|x64
		{7B192383-CC5F-4A37-A633-22C1170794CB}.Release|x64.ActiveCfg = Release|x64
		{7B192383-CC5F-4A37-A633-22C1170794CB}.Release|x64.Build.0 = Release|x64
	EndGlobalSection
	GlobalSection(SolutionProperties) = preSolution
		HideSolutionNode = FALSE
	EndGlobalSection
	GlobalSection(ExtensibilityGlobals) = postSolution
		SolutionGuid = {DB6F666D-0621-4DEC-AA96-866C53A9E29D}
	EndGlobalSection
EndGlobal
